# This file is autogenerated, do not edit; changes may be undone by the next 'dep ensure'.


[[projects]]
  branch = "master"
  digest = "1:65796e5fdb94d94bc0ee6bc422aa3541dbe69ed4da275cb5a27f8fa141f4e35c"
  name = "github.com/GeertJohan/go.rice"
  packages = [
    ".",
    "embedded",
  ]
  pruneopts = "UT"
  revision = "c02ca9a983da5807ddf7d796784928f5be4afd09"

[[projects]]
  branch = "master"
  digest = "1:5fd5c4d4282935b7a575299494f2c09e9d2cacded7815c83aff7c1602aff3154"
  name = "github.com/daaku/go.zipexe"
  packages = ["."]
  pruneopts = "UT"
  revision = "a5fe2436ffcb3236e175e5149162b41cd28bd27d"

[[projects]]
  branch = "master"
  digest = "1:caf6db28595425c0e0f2301a00257d11712f65c1878e12cffc42f6b9a9cf3f23"
  name = "github.com/kardianos/osext"
  packages = ["."]
  pruneopts = "UT"
  revision = "ae77be60afb1dcacde03767a8c37337fad28ac14"

[[projects]]
  digest = "1:0e2384e743a5fba9c3d872bc972363608b6498f71125dcf93fc52aa28e569182"
  name = "gopkg.in/mcuadros/go-syslog.v2"
  packages = [
    ".",
    "format",
    "internal/syslogparser",
    "internal/syslogparser/rfc3164",
    "internal/syslogparser/rfc5424",
  ]
  pruneopts = "UT"
  revision = "9cf13b7327c0e153da3cba3540c2ae2b879c3859"
  version = "v2.2.1"

[solve-meta]
  analyzer-name = "dep"
  analyzer-version = 1
  input-imports = [
    "github.com/GeertJohan/go.rice",
    "gopkg.in/mcuadros/go-syslog.v2",
  ]
  solver-name = "gps-cdcl"
  solver-version = 1
